
Microsoft Visual Studio Solution File, Format Version 12.00
# Visual Studio 15
VisualStudioVersion = 15.0.27428.2037
MinimumVisualStudioVersion = 10.0.40219.1
Project("{8BC9CEB8-8B4A-11D0-8D11-00A0C91BC942}") = "1712906", "1712906\1712906.vcxproj", "{70496465-CDEF-41B0-98C8-3CE4D87A8BE1}"
EndProject
Global
	GlobalSection(SolutionConfigurationPlatforms) = preSolution
		Debug|x64 = Debug|x64
		Debug|x86 = Debug|x86
		Release|x64 = Release|x64
		Release|x86 = Release|x86
	EndGlobalSection
	GlobalSection(ProjectConfigurationPlatforms) = postSolution
		{70496465-CDEF-41B0-98C8-3CE4D87A8BE1}.Debug|x64.ActiveCfg = Debug|x64
		{70496465-CDEF-41B0-98C8-3CE4D87A8BE1}.Debug|x64.Build.0 = Debug|x64
		{70496465-CDEF-41B0-98C8-3CE4D87A8BE1}.Debug|x86.ActiveCfg = Debug|Win32
		{70496465-CDEF-41B0-98C8-3CE4D87A8BE1}.Debug|x86.Build.0 = Debug|Win32
		{70496465-CDEF-41B0-98C8-3CE4D87A8BE1}.Release|x64.ActiveCfg = Release|x64
		{70496465-CDEF-41B0-98C8-3CE4D87A8BE1}.Release|x64.Build.0 = Release|x64
		{70496465-CDEF-41B0-98C8-3CE4D87A8BE1}.Release|x86.ActiveCfg = Release|Win32
		{70496465-CDEF-41B0-98C8-3CE4D87A8BE1}.Release|x86.Build.0 = Release|Win32
	EndGlobalSection
	GlobalSection(SolutionProperties) = preSolution
		HideSolutionNode = FALSE
	EndGlobalSection
	GlobalSection(ExtensibilityGlobals) = postSolution
		SolutionGuid = {0D5BF719-23D7-4091-9A72-C4D3FFE635D6}
	EndGlobalSection
EndGlobal
